// !$*UTF8*$!
{
	archiveVersion = 1;
	classes = {
	};
	objectVersion = 56;
	objects = {

/* Begin PBXBuildFile section */
		81F973052BF303D1002FED80 /* RealityKitContent in Frameworks */ = {isa = PBXBuildFile; productRef = 81F973042BF303D1002FED80 /* RealityKitContent */; };
		81F973072BF303D1002FED80 /* MafiaApp.swift in Sources */ = {isa = PBXBuildFile; fileRef = 81F973062BF303D1002FED80 /* MafiaApp.swift */; };
		81F973092BF303D1002FED80 /* ContentView.swift in Sources */ = {isa = PBXBuildFile; fileRef = 81F973082BF303D1002FED80 /* ContentView.swift */; };
		81F9730B2BF303D1002FED80 /* Assets.xcassets in Resources */ = {isa = PBXBuildFile; fileRef = 81F9730A2BF303D1002FED80 /* Assets.xcassets */; };
		81F9730E2BF303D1002FED80 /* Preview Assets.xcassets in Resources */ = {isa = PBXBuildFile; fileRef = 81F9730D2BF303D1002FED80 /* Preview Assets.xcassets */; };
		81F973192BF303D1002FED80 /* MafiaTests.swift in Sources */ = {isa = PBXBuildFile; fileRef = 81F973182BF303D1002FED80 /* MafiaTests.swift */; };
/* End PBXBuildFile section */

/* Begin PBXContainerItemProxy section */
		81F973152BF303D1002FED80 /* PBXContainerItemProxy */ = {
			isa = PBXContainerItemProxy;
			containerPortal = 81F972F72BF303D1002FED80 /* Project object */;
			proxyType = 1;
			remoteGlobalIDString = 81F972FE2BF303D1002FED80;
			remoteInfo = Mafia;
		};
/* End PBXContainerItemProxy section */

/* Begin PBXFileReference section */
		81F972FF2BF303D1002FED80 /* Mafia.app */ = {isa = PBXFileReference; explicitFileType = wrapper.application; includeInIndex = 0; path = Mafia.app; sourceTree = BUILT_PRODUCTS_DIR; };
		81F973032BF303D1002FED80 /* RealityKitContent */ = {isa = PBXFileReference; lastKnownFileType = wrapper; path = RealityKitContent; sourceTree = "<group>"; };
		81F973062BF303D1002FED80 /* MafiaApp.swift */ = {isa = PBXFileReference; lastKnownFileType = sourcecode.swift; path = MafiaApp.swift; sourceTree = "<group>"; };
		81F973082BF303D1002FED80 /* ContentView.swift */ = {isa = PBXFileReference; lastKnownFileType = sourcecode.swift; path = ContentView.swift; sourceTree = "<group>"; };
		81F9730A2BF303D1002FED80 /* Assets.xcassets */ = {isa = PBXFileReference; lastKnownFileType = folder.assetcatalog; path = Assets.xcassets; sourceTree = "<group>"; };
		81F9730D2BF303D1002FED80 /* Preview Assets.xcassets */ = {isa = PBXFileReference; lastKnownFileType = folder.assetcatalog; path = "Preview Assets.xcassets"; sourceTree = "<group>"; };
		81F9730F2BF303D1002FED80 /* Info.plist */ = {isa = PBXFileReference; lastKnownFileType = text.plist.xml; path = Info.plist; sourceTree = "<group>"; };
		81F973142BF303D1002FED80 /* MafiaTests.xctest */ = {isa = PBXFileReference; explicitFileType = wrapper.cfbundle; includeInIndex = 0; path = MafiaTests.xctest; sourceTree = BUILT_PRODUCTS_DIR; };
		81F973182BF303D1002FED80 /* MafiaTests.swift */ = {isa = PBXFileReference; lastKnownFileType = sourcecode.swift; path = MafiaTests.swift; sourceTree = "<group>"; };
/* End PBXFileReference section */

/* Begin PBXFrameworksBuildPhase section */
		81F972FC2BF303D1002FED80 /* Frameworks */ = {
			isa = PBXFrameworksBuildPhase;
			buildActionMask = 2147483647;
			files = (
				81F973052BF303D1002FED80 /* RealityKitContent in Frameworks */,
			);
			runOnlyForDeploymentPostprocessing = 0;
		};
		81F973112BF303D1002FED80 /* Frameworks */ = {
			isa = PBXFrameworksBuildPhase;
			buildActionMask = 2147483647;
			files = (
			);
			runOnlyForDeploymentPostprocessing = 0;
		};
/* End PBXFrameworksBuildPhase section */

/* Begin PBXGroup section */
		81F972F62BF303D1002FED80 = {
			isa = PBXGroup;
			children = (
				81F973012BF303D1002FED80 /* Mafia */,
				81F973022BF303D1002FED80 /* Packages */,
				81F973172BF303D1002FED80 /* MafiaTests */,
				81F973002BF303D1002FED80 /* Products */,
			);
			sourceTree = "<group>";
		};
		81F973002BF303D1002FED80 /* Products */ = {
			isa = PBXGroup;
			children = (
				81F972FF2BF303D1002FED80 /* Mafia.app */,
				81F973142BF303D1002FED80 /* MafiaTests.xctest */,
			);
			name = Products;
			sourceTree = "<group>";
		};
		81F973012BF303D1002FED80 /* Mafia */ = {
			isa = PBXGroup;
			children = (
				81F973062BF303D1002FED80 /* MafiaApp.swift */,
				81F973082BF303D1002FED80 /* ContentView.swift */,
				81F9730A2BF303D1002FED80 /* Assets.xcassets */,
				81F9730F2BF303D1002FED80 /* Info.plist */,
				81F9730C2BF303D1002FED80 /* Preview Content */,
			);
			path = Mafia;
			sourceTree = "<group>";
		};
		81F973022BF303D1002FED80 /* Packages */ = {
			isa = PBXGroup;
			children = (
				81F973032BF303D1002FED80 /* RealityKitContent */,
			);
			path = Packages;
			sourceTree = "<group>";
		};
		81F9730C2BF303D1002FED80 /* Preview Content */ = {
			isa = PBXGroup;
			children = (
				81F9730D2BF303D1002FED80 /* Preview Assets.xcassets */,
			);
			path = "Preview Content";
			sourceTree = "<group>";
		};
		81F973172BF303D1002FED80 /* MafiaTests */ = {
			isa = PBXGroup;
			children = (
				81F973182BF303D1002FED80 /* MafiaTests.swift */,
			);
			path = MafiaTests;
			sourceTree = "<group>";
		};
/* End PBXGroup section */

/* Begin PBXNativeTarget section */
		81F972FE2BF303D1002FED80 /* Mafia */ = {
			isa = PBXNativeTarget;
			buildConfigurationList = 81F9731C2BF303D1002FED80 /* Build configuration list for PBXNativeTarget "Mafia" */;
			buildPhases = (
				81F972FB2BF303D1002FED80 /* Sources */,
				81F972FC2BF303D1002FED80 /* Frameworks */,
				81F972FD2BF303D1002FED80 /* Resources */,
			);
			buildRules = (
			);
			dependencies = (
			);
			name = Mafia;
			packageProductDependencies = (
				81F973042BF303D1002FED80 /* RealityKitContent */,
			);
			productName = Mafia;
			productReference = 81F972FF2BF303D1002FED80 /* Mafia.app */;
			productType = "com.apple.product-type.application";
		};
		81F973132BF303D1002FED80 /* MafiaTests */ = {
			isa = PBXNativeTarget;
			buildConfigurationList = 81F9731F2BF303D1002FED80 /* Build configuration list for PBXNativeTarget "MafiaTests" */;
			buildPhases = (
				81F973102BF303D1002FED80 /* Sources */,
				81F973112BF303D1002FED80 /* Frameworks */,
				81F973122BF303D1002FED80 /* Resources */,
			);
			buildRules = (
			);
			dependencies = (
				81F973162BF303D1002FED80 /* PBXTargetDependency */,
			);
			name = MafiaTests;
			productName = MafiaTests;
			productReference = 81F973142BF303D1002FED80 /* MafiaTests.xctest */;
			productType = "com.apple.product-type.bundle.unit-test";
		};
/* End PBXNativeTarget section */

/* Begin PBXProject section */
		81F972F72BF303D1002FED80 /* Project object */ = {
			isa = PBXProject;
			attributes = {
				BuildIndependentTargetsInParallel = 1;
				LastSwiftUpdateCheck = 1530;
				LastUpgradeCheck = 1530;
				TargetAttributes = {
					81F972FE2BF303D1002FED80 = {
						CreatedOnToolsVersion = 15.3;
					};
					81F973132BF303D1002FED80 = {
						CreatedOnToolsVersion = 15.3;
						TestTargetID = 81F972FE2BF303D1002FED80;
					};
				};
			};
			buildConfigurationList = 81F972FA2BF303D1002FED80 /* Build configuration list for PBXProject "Mafia" */;
			compatibilityVersion = "Xcode 14.0";
			developmentRegion = en;
			hasScannedForEncodings = 0;
			knownRegions = (
				en,
				Base,
			);
			mainGroup = 81F972F62BF303D1002FED80;
			productRefGroup = 81F973002BF303D1002FED80 /* Products */;
			projectDirPath = "";
			projectRoot = "";
			targets = (
				81F972FE2BF303D1002FED80 /* Mafia */,
				81F973132BF303D1002FED80 /* MafiaTests */,
			);
		};
/* End PBXProject section */

/* Begin PBXResourcesBuildPhase section */
		81F972FD2BF303D1002FED80 /* Resources */ = {
			isa = PBXResourcesBuildPhase;
			buildActionMask = 2147483647;
			files = (
				81F9730E2BF303D1002FED80 /* Preview Assets.xcassets in Resources */,
				81F9730B2BF303D1002FED80 /* Assets.xcassets in Resources */,
			);
			runOnlyForDeploymentPostprocessing = 0;
		};
		81F973122BF303D1002FED80 /* Resources */ = {
			isa = PBXResourcesBuildPhase;
			buildActionMask = 2147483647;
			files = (
			);
			runOnlyForDeploymentPostprocessing = 0;
		};
/* End PBXResourcesBuildPhase section */

/* Begin PBXSourcesBuildPhase section */
		81F972FB2BF303D1002FED80 /* Sources */ = {
			isa = PBXSourcesBuildPhase;
			buildActionMask = 2147483647;
			files = (
				81F973092BF303D1002FED80 /* ContentView.swift in Sources */,
				81F973072BF303D1002FED80 /* MafiaApp.swift in Sources */,
			);
			runOnlyForDeploymentPostprocessing = 0;
		};
		81F973102BF303D1002FED80 /* Sources */ = {
			isa = PBXSourcesBuildPhase;
			buildActionMask = 2147483647;
			files = (
				81F973192BF303D1002FED80 /* MafiaTests.swift in Sources */,
			);
			runOnlyForDeploymentPostprocessing = 0;
		};
/* End PBXSourcesBuildPhase section */

/* Begin PBXTargetDependency section */
		81F973162BF303D1002FED80 /* PBXTargetDependency */ = {
			isa = PBXTargetDependency;
			target = 81F972FE2BF303D1002FED80 /* Mafia */;
			targetProxy = 81F973152BF303D1002FED80 /* PBXContainerItemProxy */;
		};
/* End PBXTargetDependency section */

/* Begin XCBuildConfiguration section */
		81F9731A2BF303D1002FED80 /* Debug */ = {
			isa = XCBuildConfiguration;
			buildSettings = {
				ALWAYS_SEARCH_USER_PATHS = NO;
				ASSETCATALOG_COMPILER_GENERATE_SWIFT_ASSET_SYMBOL_EXTENSIONS = YES;
				CLANG_ANALYZER_NONNULL = YES;
				CLANG_ANALYZER_NUMBER_OBJECT_CONVERSION = YES_AGGRESSIVE;
				CLANG_CXX_LANGUAGE_STANDARD = "gnu++20";
				CLANG_ENABLE_MODULES = YES;
				CLANG_ENABLE_OBJC_ARC = YES;
				CLANG_ENABLE_OBJC_WEAK = YES;
				CLANG_WARN_BLOCK_CAPTURE_AUTORELEASING = YES;
				CLANG_WARN_BOOL_CONVERSION = YES;
				CLANG_WARN_COMMA = YES;
				CLANG_WARN_CONSTANT_CONVERSION = YES;
				CLANG_WARN_DEPRECATED_OBJC_IMPLEMENTATIONS = YES;
				CLANG_WARN_DIRECT_OBJC_ISA_USAGE = YES_ERROR;
				CLANG_WARN_DOCUMENTATION_COMMENTS = YES;
				CLANG_WARN_EMPTY_BODY = YES;
				CLANG_WARN_ENUM_CONVERSION = YES;
				CLANG_WARN_INFINITE_RECURSION = YES;
				CLANG_WARN_INT_CONVERSION = YES;
				CLANG_WARN_NON_LITERAL_NULL_CONVERSION = YES;
				CLANG_WARN_OBJC_IMPLICIT_RETAIN_SELF = YES;
				CLANG_WARN_OBJC_LITERAL_CONVERSION = YES;
				CLANG_WARN_OBJC_ROOT_CLASS = YES_ERROR;
				CLANG_WARN_QUOTED_INCLUDE_IN_FRAMEWORK_HEADER = YES;
				CLANG_WARN_RANGE_LOOP_ANALYSIS = YES;
				CLANG_WARN_STRICT_PROTOTYPES = YES;
				CLANG_WARN_SUSPICIOUS_MOVE = YES;
				CLANG_WARN_UNGUARDED_AVAILABILITY = YES_AGGRESSIVE;
				CLANG_WARN_UNREACHABLE_CODE = YES;
				CLANG_WARN__DUPLICATE_METHOD_MATCH = YES;
				COPY_PHASE_STRIP = NO;
				DEBUG_INFORMATION_FORMAT = dwarf;
				ENABLE_STRICT_OBJC_MSGSEND = YES;
				ENABLE_TESTABILITY = YES;
				ENABLE_USER_SCRIPT_SANDBOXING = YES;
				GCC_C_LANGUAGE_STANDARD = gnu17;
				GCC_DYNAMIC_NO_PIC = NO;
				GCC_NO_COMMON_BLOCKS = YES;
				GCC_OPTIMIZATION_LEVEL = 0;
				GCC_PREPROCESSOR_DEFINITIONS = (
					"DEBUG=1",
					"$(inherited)",
				);
				GCC_WARN_64_TO_32_BIT_CONVERSION = YES;
				GCC_WARN_ABOUT_RETURN_TYPE = YES_ERROR;
				GCC_WARN_UNDECLARED_SELECTOR = YES;
				GCC_WARN_UNINITIALIZED_AUTOS = YES_AGGRESSIVE;
				GCC_WARN_UNUSED_FUNCTION = YES;
				GCC_WARN_UNUSED_VARIABLE = YES;
				LOCALIZATION_PREFERS_STRING_CATALOGS = YES;
				MTL_ENABLE_DEBUG_INFO = INCLUDE_SOURCE;
				MTL_FAST_MATH = YES;
				ONLY_ACTIVE_ARCH = YES;
				SDKROOT = xros;
				SWIFT_ACTIVE_COMPILATION_CONDITIONS = "DEBUG $(inherited)";
				SWIFT_OPTIMIZATION_LEVEL = "-Onone";
				XROS_DEPLOYMENT_TARGET = 1.1;
			};
			name = Debug;
		};
		81F9731B2BF303D1002FED80 /* Release */ = {
			isa = XCBuildConfiguration;
			buildSettings = {
				ALWAYS_SEARCH_USER_PATHS = NO;
				ASSETCATALOG_COMPILER_GENERATE_SWIFT_ASSET_SYMBOL_EXTENSIONS = YES;
				CLANG_ANALYZER_NONNULL = YES;
				CLANG_ANALYZER_NUMBER_OBJECT_CONVERSION = YES_AGGRESSIVE;
				CLANG_CXX_LANGUAGE_STANDARD = "gnu++20";
				CLANG_ENABLE_MODULES = YES;
				CLANG_ENABLE_OBJC_ARC = YES;
				CLANG_ENABLE_OBJC_WEAK = YES;
				CLANG_WARN_BLOCK_CAPTURE_AUTORELEASING = YES;
				CLANG_WARN_BOOL_CONVERSION = YES;
				CLANG_WARN_COMMA = YES;
				CLANG_WARN_CONSTANT_CONVERSION = YES;
				CLANG_WARN_DEPRECATED_OBJC_IMPLEMENTATIONS = YES;
				CLANG_WARN_DIRECT_OBJC_ISA_USAGE = YES_ERROR;
				CLANG_WARN_DOCUMENTATION_COMMENTS = YES;
				CLANG_WARN_EMPTY_BODY = YES;
				CLANG_WARN_ENUM_CONVERSION = YES;
				CLANG_WARN_INFINITE_RECURSION = YES;
				CLANG_WARN_INT_CONVERSION = YES;
				CLANG_WARN_NON_LITERAL_NULL_CONVERSION = YES;
				CLANG_WARN_OBJC_IMPLICIT_RETAIN_SELF = YES;
				CLANG_WARN_OBJC_LITERAL_CONVERSION = YES;
				CLANG_WARN_OBJC_ROOT_CLASS = YES_ERROR;
				CLANG_WARN_QUOTED_INCLUDE_IN_FRAMEWORK_HEADER = YES;
				CLANG_WARN_RANGE_LOOP_ANALYSIS = YES;
				CLANG_WARN_STRICT_PROTOTYPES = YES;
				CLANG_WARN_SUSPICIOUS_MOVE = YES;
				CLANG_WARN_UNGUARDED_AVAILABILITY = YES_AGGRESSIVE;
				CLANG_WARN_UNREACHABLE_CODE = YES;
				CLANG_WARN__DUPLICATE_METHOD_MATCH = YES;
				COPY_PHASE_STRIP = NO;
				DEBUG_INFORMATION_FORMAT = "dwarf-with-dsym";
				ENABLE_NS_ASSERTIONS = NO;
				ENABLE_STRICT_OBJC_MSGSEND = YES;
				ENABLE_USER_SCRIPT_SANDBOXING = YES;
				GCC_C_LANGUAGE_STANDARD = gnu17;
				GCC_NO_COMMON_BLOCKS = YES;
				GCC_WARN_64_TO_32_BIT_CONVERSION = YES;
				GCC_WARN_ABOUT_RETURN_TYPE = YES_ERROR;
				GCC_WARN_UNDECLARED_SELECTOR = YES;
				GCC_WARN_UNINITIALIZED_AUTOS = YES_AGGRESSIVE;
				GCC_WARN_UNUSED_FUNCTION = YES;
				GCC_WARN_UNUSED_VARIABLE = YES;
				LOCALIZATION_PREFERS_STRING_CATALOGS = YES;
				MTL_ENABLE_DEBUG_INFO = NO;
				MTL_FAST_MATH = YES;
				SDKROOT = xros;
				SWIFT_COMPILATION_MODE = wholemodule;
				VALIDATE_PRODUCT = YES;
				XROS_DEPLOYMENT_TARGET = 1.1;
			};
			name = Release;
		};
		81F9731D2BF303D1002FED80 /* Debug */ = {
			isa = XCBuildConfiguration;
			buildSettings = {
				ASSETCATALOG_COMPILER_APPICON_NAME = AppIcon;
				ASSETCATALOG_COMPILER_GLOBAL_ACCENT_COLOR_NAME = AccentColor;
				CODE_SIGN_STYLE = Automatic;
				CURRENT_PROJECT_VERSION = 1;
				DEVELOPMENT_ASSET_PATHS = "\"Mafia/Preview Content\"";
				DEVELOPMENT_TEAM = DDJ35YBSSN;
				ENABLE_PREVIEWS = YES;
				GENERATE_INFOPLIST_FILE = YES;
				INFOPLIST_FILE = "$(TARGET_NAME)/Info.plist";
				LD_RUNPATH_SEARCH_PATHS = (
					"$(inherited)",
					"@executable_path/Frameworks",
				);
				MARKETING_VERSION = 1.0;
				PRODUCT_BUNDLE_IDENTIFIER = com.sanildoshi.Mafia;
				PRODUCT_NAME = "$(TARGET_NAME)";
				SUPPORTED_PLATFORMS = "xros xrsimulator";
				SWIFT_EMIT_LOC_STRINGS = YES;
				SWIFT_VERSION = 5.0;
				TARGETED_DEVICE_FAMILY = "1,2,7";
			};
			name = Debug;
		};
		81F9731E2BF303D1002FED80 /* Release */ = {
			isa = XCBuildConfiguration;
			buildSettings = {
				ASSETCATALOG_COMPILER_APPICON_NAME = AppIcon;
				ASSETCATALOG_COMPILER_GLOBAL_ACCENT_COLOR_NAME = AccentColor;
				CODE_SIGN_STYLE = Automatic;
				CURRENT_PROJECT_VERSION = 1;
				DEVELOPMENT_ASSET_PATHS = "\"Mafia/Preview Content\"";
				DEVELOPMENT_TEAM = DDJ35YBSSN;
				ENABLE_PREVIEWS = YES;
				GENERATE_INFOPLIST_FILE = YES;
				INFOPLIST_FILE = "$(TARGET_NAME)/Info.plist";
				LD_RUNPATH_SEARCH_PATHS = (
					"$(inherited)",
					"@executable_path/Frameworks",
				);
				MARKETING_VERSION = 1.0;
				PRODUCT_BUNDLE_IDENTIFIER = com.sanildoshi.Mafia;
				PRODUCT_NAME = "$(TARGET_NAME)";
				SUPPORTED_PLATFORMS = "xros xrsimulator";
				SWIFT_EMIT_LOC_STRINGS = YES;
				SWIFT_VERSION = 5.0;
				TARGETED_DEVICE_FAMILY = "1,2,7";
			};
			name = Release;
		};
		81F973202BF303D1002FED80 /* Debug */ = {
			isa = XCBuildConfiguration;
			buildSettings = {
				ALWAYS_EMBED_SWIFT_STANDARD_LIBRARIES = YES;
				BUNDLE_LOADER = "$(TEST_HOST)";
				CODE_SIGN_STYLE = Automatic;
				CURRENT_PROJECT_VERSION = 1;
				DEVELOPMENT_TEAM = DDJ35YBSSN;
				GENERATE_INFOPLIST_FILE = YES;
				MARKETING_VERSION = 1.0;
				PRODUCT_BUNDLE_IDENTIFIER = com.sanildoshi.MafiaTests;
				PRODUCT_NAME = "$(TARGET_NAME)";
				SUPPORTED_PLATFORMS = "xros xrsimulator";
				SWIFT_EMIT_LOC_STRINGS = NO;
				SWIFT_VERSION = 5.0;
				TARGETED_DEVICE_FAMILY = "1,2,7";
				TEST_HOST = "$(BUILT_PRODUCTS_DIR)/Mafia.app/$(BUNDLE_EXECUTABLE_FOLDER_PATH)/Mafia";
				XROS_DEPLOYMENT_TARGET = 1.1;
			};
			name = Debug;
		};
		81F973212BF303D1002FED80 /* Release */ = {
			isa = XCBuildConfiguration;
			buildSettings = {
				ALWAYS_EMBED_SWIFT_STANDARD_LIBRARIES = YES;
				BUNDLE_LOADER = "$(TEST_HOST)";
				CODE_SIGN_STYLE = Automatic;
				CURRENT_PROJECT_VERSION = 1;
				DEVELOPMENT_TEAM = DDJ35YBSSN;
				GENERATE_INFOPLIST_FILE = YES;
				MARKETING_VERSION = 1.0;
				PRODUCT_BUNDLE_IDENTIFIER = com.sanildoshi.MafiaTests;
				PRODUCT_NAME = "$(TARGET_NAME)";
				SUPPORTED_PLATFORMS = "xros xrsimulator";
				SWIFT_EMIT_LOC_STRINGS = NO;
				SWIFT_VERSION = 5.0;
				TARGETED_DEVICE_FAMILY = "1,2,7";
				TEST_HOST = "$(BUILT_PRODUCTS_DIR)/Mafia.app/$(BUNDLE_EXECUTABLE_FOLDER_PATH)/Mafia";
				XROS_DEPLOYMENT_TARGET = 1.1;
			};
			name = Release;
		};
/* End XCBuildConfiguration section */

/* Begin XCConfigurationList section */
		81F972FA2BF303D1002FED80 /* Build configuration list for PBXProject "Mafia" */ = {
			isa = XCConfigurationList;
			buildConfigurations = (
				81F9731A2BF303D1002FED80 /* Debug */,
				81F9731B2BF303D1002FED80 /* Release */,
			);
			defaultConfigurationIsVisible = 0;
			defaultConfigurationName = Release;
		};
		81F9731C2BF303D1002FED80 /* Build configuration list for PBXNativeTarget "Mafia" */ = {
			isa = XCConfigurationList;
			buildConfigurations = (
				81F9731D2BF303D1002FED80 /* Debug */,
				81F9731E2BF303D1002FED80 /* Release */,
			);
			defaultConfigurationIsVisible = 0;
			defaultConfigurationName = Release;
		};
		81F9731F2BF303D1002FED80 /* Build configuration list for PBXNativeTarget "MafiaTests" */ = {
			isa = XCConfigurationList;
			buildConfigurations = (
				81F973202BF303D1002FED80 /* Debug */,
				81F973212BF303D1002FED80 /* Release */,
			);
			defaultConfigurationIsVisible = 0;
			defaultConfigurationName = Release;
		};
/* End XCConfigurationList section */

/* Begin XCSwiftPackageProductDependency section */
		81F973042BF303D1002FED80 /* RealityKitContent */ = {
			isa = XCSwiftPackageProductDependency;
			productName = RealityKitContent;
		};
/* End XCSwiftPackageProductDependency section */
	};
	rootObject = 81F972F72BF303D1002FED80 /* Project object */;
}
